
Microsoft Visual Studio Solution File, Format Version 12.00
# Visual Studio 15
VisualStudioVersion = 15.0.28307.329
MinimumVisualStudioVersion = 10.0.40219.1
Project("{FAE04EC0-301F-11D3-BF4B-00C04F79EFBC}") = "Fullstacklabb", "Fullstacklabb\Fullstacklabb.csproj", "{41AEEFB6-EB8A-4FC0-A06D-6CE2CBA457C4}"
EndProject
Global
	GlobalSection(SolutionConfigurationPlatforms) = preSolution
		Debug|Any CPU = Debug|Any CPU
		Release|Any CPU = Release|Any CPU
	EndGlobalSection
	GlobalSection(ProjectConfigurationPlatforms) = postSolution
		{41AEEFB6-EB8A-4FC0-A06D-6CE2CBA457C4}.Debug|Any CPU.ActiveCfg = Debug|Any CPU
		{41AEEFB6-EB8A-4FC0-A06D-6CE2CBA457C4}.Debug|Any CPU.Build.0 = Debug|Any CPU
		{41AEEFB6-EB8A-4FC0-A06D-6CE2CBA457C4}.Release|Any CPU.ActiveCfg = Release|Any CPU
		{41AEEFB6-EB8A-4FC0-A06D-6CE2CBA457C4}.Release|Any CPU.Build.0 = Release|Any CPU
	EndGlobalSection
	GlobalSection(SolutionProperties) = preSolution
		HideSolutionNode = FALSE
	EndGlobalSection
	GlobalSection(ExtensibilityGlobals) = postSolution
		SolutionGuid = {E22B9A01-EC47-4AB9-9050-4308D168C7B4}
	EndGlobalSection
EndGlobal
